github.com/multiverse-os/ansi v0.0.0-20230122075550-10efed87b9d4 h1:p+XBNkUPCBHf3fxTvcxGNZWNKIvBlTyVI33bgn/mBaw=
github.com/multiverse-os/ansi v0.0.0-20230122075550-10efed87b9d4/go.mod h1:PD6H6rUJ4GvsipdGr0+zxn2pxLA7NCXOLDhPt7mnd/E=
github.com/multiverse-os/ansi v0.1.0 h1:7eXsAL9bqYDMYW90lDQCkFQWNqD40OlnPh9s06ARtBg=
github.com/multiverse-os/ansi v0.1.0/go.mod h1:PD6H6rUJ4GvsipdGr0+zxn2pxLA7NCXOLDhPt7mnd/E=
github.com/multiverse-os/banner v0.0.0-20231006133835-80f8c892b073 h1:b6zmFJdSXk7QVlpEARo7cV6C73zK/qkGV12djb7+5SI=
github.com/multiverse-os/banner v0.0.0-20231006133835-80f8c892b073/go.mod h1:iKsSBKiFih4XCe4D3z4W/USY/q1ZKCMSaUFWkU/F6j4=
github.com/multiverse-os/banner v0.1.0 h1:VPBNBM6TNgtZfSAJeAwmSaFiVuGTqJgHBxmEyL3m9Xw=
github.com/multiverse-os/banner v0.1.0/go.mod h1:iKsSBKiFih4XCe4D3z4W/USY/q1ZKCMSaUFWkU/F6j4=
github.com/multiverse-os/cli v0.1.0 h1:DGtjz+ssKR8jJryxwi7tZbK0tbRTsNV5o4fMbkoNzt4=
github.com/multiverse-os/cli v0.1.0/go.mod h1:R+0GXdB/q2GTDrfe5SMLTbZZWFH227ojD6TiF3Do5lg=
github.com/multiverse-os/data v0.1.0 h1:SGlsoHzW6VSr9Paw89cdQvz5YPJpK6MN4Nvh+MwLWeA=
github.com/multiverse-os/data v0.1.0/go.mod h1:sd0B1WFUOEcS30uIJVOOayAKZaEfwmifW3hsnV5GLaw=
github.com/multiverse-os/loading v0.1.0 h1:8wdrto1uvUV4lEGaY4rSWBr5z5c5NFaeKn3lBlpm824=
github.com/multiverse-os/loading v0.1.0/go.mod h1:YoLwMjKum8PDjn69+55Zq75tAaa+G776QvuHLkWlWGE=
github.com/multiverse-os/muid v0.1.0 h1:ADIt5VE32dSOPROCCbSN5EA1oeT4ZzOS+qRkBqFSTC4=
github.com/multiverse-os/muid v0.1.0/go.mod h1:9WsIap41brjV/Ihhbut9THOt+zNaBkz9fhChrtbyy2k=
github.com/multiverse-os/service v0.1.1 h1:qPwJl6/EvTKwzjAP1Yw8YCCVmOfv+0MV5QKiIX3GMVs=
github.com/multiverse-os/service v0.1.1/go.mod h1:STU22NZFE49Jq8cJzeIZNsR50fof5cD9eL5/1uJz6VQ=
golang.org/x/crypto v0.17.0 h1:r8bRNjWL3GshPW3gkd+RpvzWrZAwPS49OmTGZ/uhM4k=
golang.org/x/crypto v0.17.0/go.mod h1:gCAAfMLgwOJRpTjQ2zCCt2OcSfYMTeZVSRtQlPC7Nq4=
golang.org/x/sys v0.15.0 h1:h48lPFYpsTvQJZF4EKyI4aLHaev3CxivZmv7yZig9pc=
golang.org/x/sys v0.15.0/go.mod h1:/VUhepiaJMQUp4+oa/7Zr1D23ma6VTLIYjOOTFZPUcA=
golang.org/x/text v0.14.0 h1:ScX5w1eTa3QqT8oi6+ziP7dTV1S2+ALU0bI+0zXKWiQ=
golang.org/x/text v0.14.0/go.mod h1:18ZOQIKpY8NJVqYksKHtTdi31H5itFRjB5/qKTNYzSU=
gopkg.in/check.v1 v0.0.0-20161208181325-20d25e280405 h1:yhCVgyC4o1eVCa2tZl7eS0r+SDo693bJlVdllGtEeKM=
gopkg.in/check.v1 v0.0.0-20161208181325-20d25e280405/go.mod h1:Co6ibVJAznAaIkqp8huTwlJQCZ016jof/cbN4VW5Yz0=
gopkg.in/yaml.v2 v2.4.0 h1:D8xgwECY7CYvx+Y2n4sBz93Jn9JRvxdiyyo8CTfuKaY=
gopkg.in/yaml.v2 v2.4.0/go.mod h1:RDklbk79AGWmwhnvt/jBztapEOGDOx6ZbXqjP6csGnQ=
